// !$*UTF8*$!
{
	archiveVersion = 1;
	classes = {
	};
	objectVersion = 46;
	objects = {

/* Begin PBXBuildFile section */
		31B9F45625CB72F6001F56EF /* AppDelegate.swift in Sources */ = {isa = PBXBuildFile; fileRef = 31B9F45525CB72F6001F56EF /* AppDelegate.swift */; };
		31B9F45825CB72F6001F56EF /* ViewController.swift in Sources */ = {isa = PBXBuildFile; fileRef = 31B9F45725CB72F6001F56EF /* ViewController.swift */; };
		31B9F45B25CB72F6001F56EF /* Main.storyboard in Resources */ = {isa = PBXBuildFile; fileRef = 31B9F45925CB72F6001F56EF /* Main.storyboard */; };
		31B9F45D25CB72F6001F56EF /* Assets.xcassets in Resources */ = {isa = PBXBuildFile; fileRef = 31B9F45C25CB72F6001F56EF /* Assets.xcassets */; };
		31B9F46025CB72F6001F56EF /* LaunchScreen.storyboard in Resources */ = {isa = PBXBuildFile; fileRef = 31B9F45E25CB72F6001F56EF /* LaunchScreen.storyboard */; };
/* End PBXBuildFile section */

/* Begin PBXFileReference section */
		31B9F45225CB72F6001F56EF /* Food Satisfaction.app */ = {isa = PBXFileReference; explicitFileType = wrapper.application; includeInIndex = 0; path = "Food Satisfaction.app"; sourceTree = BUILT_PRODUCTS_DIR; };
		31B9F45525CB72F6001F56EF /* AppDelegate.swift */ = {isa = PBXFileReference; lastKnownFileType = sourcecode.swift; path = AppDelegate.swift; sourceTree = "<group>"; };
		31B9F45725CB72F6001F56EF /* ViewController.swift */ = {isa = PBXFileReference; lastKnownFileType = sourcecode.swift; path = ViewController.swift; sourceTree = "<group>"; };
		31B9F45A25CB72F6001F56EF /* Base */ = {isa = PBXFileReference; lastKnownFileType = file.storyboard; name = Base; path = Base.lproj/Main.storyboard; sourceTree = "<group>"; };
		31B9F45C25CB72F6001F56EF /* Assets.xcassets */ = {isa = PBXFileReference; lastKnownFileType = folder.assetcatalog; path = Assets.xcassets; sourceTree = "<group>"; };
		31B9F45F25CB72F6001F56EF /* Base */ = {isa = PBXFileReference; lastKnownFileType = file.storyboard; name = Base; path = Base.lproj/LaunchScreen.storyboard; sourceTree = "<group>"; };
		31B9F46125CB72F6001F56EF /* Info.plist */ = {isa = PBXFileReference; lastKnownFileType = text.plist.xml; path = Info.plist; sourceTree = "<group>"; };
/* End PBXFileReference section */

/* Begin PBXFrameworksBuildPhase section */
		31B9F44F25CB72F6001F56EF /* Frameworks */ = {
			isa = PBXFrameworksBuildPhase;
			buildActionMask = 2147483647;
			files = (
			);
			runOnlyForDeploymentPostprocessing = 0;
		};
/* End PBXFrameworksBuildPhase section */

/* Begin PBXGroup section */
		31B9F44925CB72F6001F56EF = {
			isa = PBXGroup;
			children = (
				31B9F45425CB72F6001F56EF /* Food Satisfaction */,
				31B9F45325CB72F6001F56EF /* Products */,
			);
			sourceTree = "<group>";
		};
		31B9F45325CB72F6001F56EF /* Products */ = {
			isa = PBXGroup;
			children = (
				31B9F45225CB72F6001F56EF /* Food Satisfaction.app */,
			);
			name = Products;
			sourceTree = "<group>";
		};
		31B9F45425CB72F6001F56EF /* Food Satisfaction */ = {
			isa = PBXGroup;
			children = (
				31B9F45525CB72F6001F56EF /* AppDelegate.swift */,
				31B9F45725CB72F6001F56EF /* ViewController.swift */,
				31B9F45925CB72F6001F56EF /* Main.storyboard */,
				31B9F45C25CB72F6001F56EF /* Assets.xcassets */,
				31B9F45E25CB72F6001F56EF /* LaunchScreen.storyboard */,
				31B9F46125CB72F6001F56EF /* Info.plist */,
			);
			path = "Food Satisfaction";
			sourceTree = "<group>";
		};
/* End PBXGroup section */

/* Begin PBXNativeTarget section */
		31B9F45125CB72F6001F56EF /* Food Satisfaction */ = {
			isa = PBXNativeTarget;
			buildConfigurationList = 31B9F46425CB72F6001F56EF /* Build configuration list for PBXNativeTarget "Food Satisfaction" */;
			buildPhases = (
				31B9F44E25CB72F6001F56EF /* Sources */,
				31B9F44F25CB72F6001F56EF /* Frameworks */,
				31B9F45025CB72F6001F56EF /* Resources */,
			);
			buildRules = (
			);
			dependencies = (
			);
			name = "Food Satisfaction";
			productName = "Food Satisfaction";
			productReference = 31B9F45225CB72F6001F56EF /* Food Satisfaction.app */;
			productType = "com.apple.product-type.application";
		};
/* End PBXNativeTarget section */

/* Begin PBXProject section */
		31B9F44A25CB72F6001F56EF /* Project object */ = {
			isa = PBXProject;
			attributes = {
				LastSwiftUpdateCheck = 0820;
				LastUpgradeCheck = 0820;
				ORGANIZATIONNAME = Horacio;
				TargetAttributes = {
					31B9F45125CB72F6001F56EF = {
						CreatedOnToolsVersion = 8.2;
						ProvisioningStyle = Automatic;
					};
				};
			};
			buildConfigurationList = 31B9F44D25CB72F6001F56EF /* Build configuration list for PBXProject "Food Satisfaction" */;
			compatibilityVersion = "Xcode 3.2";
			developmentRegion = English;
			hasScannedForEncodings = 0;
			knownRegions = (
				en,
				Base,
			);
			mainGroup = 31B9F44925CB72F6001F56EF;
			productRefGroup = 31B9F45325CB72F6001F56EF /* Products */;
			projectDirPath = "";
			projectRoot = "";
			targets = (
				31B9F45125CB72F6001F56EF /* Food Satisfaction */,
			);
		};
/* End PBXProject section */

/* Begin PBXResourcesBuildPhase section */
		31B9F45025CB72F6001F56EF /* Resources */ = {
			isa = PBXResourcesBuildPhase;
			buildActionMask = 2147483647;
			files = (
				31B9F46025CB72F6001F56EF /* LaunchScreen.storyboard in Resources */,
				31B9F45D25CB72F6001F56EF /* Assets.xcassets in Resources */,
				31B9F45B25CB72F6001F56EF /* Main.storyboard in Resources */,
			);
			runOnlyForDeploymentPostprocessing = 0;
		};
/* End PBXResourcesBuildPhase section */

/* Begin PBXSourcesBuildPhase section */
		31B9F44E25CB72F6001F56EF /* Sources */ = {
			isa = PBXSourcesBuildPhase;
			buildActionMask = 2147483647;
			files = (
				31B9F45825CB72F6001F56EF /* ViewController.swift in Sources */,
				31B9F45625CB72F6001F56EF /* AppDelegate.swift in Sources */,
			);
			runOnlyForDeploymentPostprocessing = 0;
		};
/* End PBXSourcesBuildPhase section */

/* Begin PBXVariantGroup section */
		31B9F45925CB72F6001F56EF /* Main.storyboard */ = {
			isa = PBXVariantGroup;
			children = (
				31B9F45A25CB72F6001F56EF /* Base */,
			);
			name = Main.storyboard;
			sourceTree = "<group>";
		};
		31B9F45E25CB72F6001F56EF /* LaunchScreen.storyboard */ = {
			isa = PBXVariantGroup;
			children = (
				31B9F45F25CB72F6001F56EF /* Base */,
			);
			name = LaunchScreen.storyboard;
			sourceTree = "<group>";
		};
/* End PBXVariantGroup section */

/* Begin XCBuildConfiguration section */
		31B9F46225CB72F6001F56EF /* Debug */ = {
			isa = XCBuildConfiguration;
			buildSettings = {
				ALWAYS_SEARCH_USER_PATHS = NO;
				CLANG_ANALYZER_NONNULL = YES;
				CLANG_CXX_LANGUAGE_STANDARD = "gnu++0x";
				CLANG_CXX_LIBRARY = "libc++";
				CLANG_ENABLE_MODULES = YES;
				CLANG_ENABLE_OBJC_ARC = YES;
				CLANG_WARN_BOOL_CONVERSION = YES;
				CLANG_WARN_CONSTANT_CONVERSION = YES;
				CLANG_WARN_DIRECT_OBJC_ISA_USAGE = YES_ERROR;
				CLANG_WARN_DOCUMENTATION_COMMENTS = YES;
				CLANG_WARN_EMPTY_BODY = YES;
				CLANG_WARN_ENUM_CONVERSION = YES;
				CLANG_WARN_INFINITE_RECURSION = YES;
				CLANG_WARN_INT_CONVERSION = YES;
				CLANG_WARN_OBJC_ROOT_CLASS = YES_ERROR;
				CLANG_WARN_SUSPICIOUS_MOVE = YES;
				CLANG_WARN_UNREACHABLE_CODE = YES;
				CLANG_WARN__DUPLICATE_METHOD_MATCH = YES;
				"CODE_SIGN_IDENTITY[sdk=iphoneos*]" = "iPhone Developer";
				COPY_PHASE_STRIP = NO;
				DEBUG_INFORMATION_FORMAT = dwarf;
				ENABLE_STRICT_OBJC_MSGSEND = YES;
				ENABLE_TESTABILITY = YES;
				GCC_C_LANGUAGE_STANDARD = gnu99;
				GCC_DYNAMIC_NO_PIC = NO;
				GCC_NO_COMMON_BLOCKS = YES;
				GCC_OPTIMIZATION_LEVEL = 0;
				GCC_PREPROCESSOR_DEFINITIONS = (
					"DEBUG=1",
					"$(inherited)",
				);
				GCC_WARN_64_TO_32_BIT_CONVERSION = YES;
				GCC_WARN_ABOUT_RETURN_TYPE = YES_ERROR;
				GCC_WARN_UNDECLARED_SELECTOR = YES;
				GCC_WARN_UNINITIALIZED_AUTOS = YES_AGGRESSIVE;
				GCC_WARN_UNUSED_FUNCTION = YES;
				GCC_WARN_UNUSED_VARIABLE = YES;
				IPHONEOS_DEPLOYMENT_TARGET = 10.2;
				MTL_ENABLE_DEBUG_INFO = YES;
				ONLY_ACTIVE_ARCH = YES;
				SDKROOT = iphoneos;
				SWIFT_ACTIVE_COMPILATION_CONDITIONS = DEBUG;
				SWIFT_OPTIMIZATION_LEVEL = "-Onone";
				TARGETED_DEVICE_FAMILY = "1,2";
			};
			name = Debug;
		};
		31B9F46325CB72F6001F56EF /* Release */ = {
			isa = XCBuildConfiguration;
			buildSettings = {
				ALWAYS_SEARCH_USER_PATHS = NO;
				CLANG_ANALYZER_NONNULL = YES;
				CLANG_CXX_LANGUAGE_STANDARD = "gnu++0x";
				CLANG_CXX_LIBRARY = "libc++";
				CLANG_ENABLE_MODULES = YES;
				CLANG_ENABLE_OBJC_ARC = YES;
				CLANG_WARN_BOOL_CONVERSION = YES;
				CLANG_WARN_CONSTANT_CONVERSION = YES;
				CLANG_WARN_DIRECT_OBJC_ISA_USAGE = YES_ERROR;
				CLANG_WARN_DOCUMENTATION_COMMENTS = YES;
				CLANG_WARN_EMPTY_BODY = YES;
				CLANG_WARN_ENUM_CONVERSION = YES;
				CLANG_WARN_INFINITE_RECURSION = YES;
				CLANG_WARN_INT_CONVERSION = YES;
				CLANG_WARN_OBJC_ROOT_CLASS = YES_ERROR;
				CLANG_WARN_SUSPICIOUS_MOVE = YES;
				CLANG_WARN_UNREACHABLE_CODE = YES;
				CLANG_WARN__DUPLICATE_METHOD_MATCH = YES;
				"CODE_SIGN_IDENTITY[sdk=iphoneos*]" = "iPhone Developer";
				COPY_PHASE_STRIP = NO;
				DEBUG_INFORMATION_FORMAT = "dwarf-with-dsym";
				ENABLE_NS_ASSERTIONS = NO;
				ENABLE_STRICT_OBJC_MSGSEND = YES;
				GCC_C_LANGUAGE_STANDARD = gnu99;
				GCC_NO_COMMON_BLOCKS = YES;
				GCC_WARN_64_TO_32_BIT_CONVERSION = YES;
				GCC_WARN_ABOUT_RETURN_TYPE = YES_ERROR;
				GCC_WARN_UNDECLARED_SELECTOR = YES;
				GCC_WARN_UNINITIALIZED_AUTOS = YES_AGGRESSIVE;
				GCC_WARN_UNUSED_FUNCTION = YES;
				GCC_WARN_UNUSED_VARIABLE = YES;
				IPHONEOS_DEPLOYMENT_TARGET = 10.2;
				MTL_ENABLE_DEBUG_INFO = NO;
				SDKROOT = iphoneos;
				SWIFT_OPTIMIZATION_LEVEL = "-Owholemodule";
				TARGETED_DEVICE_FAMILY = "1,2";
				VALIDATE_PRODUCT = YES;
			};
			name = Release;
		};
		31B9F46525CB72F6001F56EF /* Debug */ = {
			isa = XCBuildConfiguration;
			buildSettings = {
				ASSETCATALOG_COMPILER_APPICON_NAME = AppIcon;
				INFOPLIST_FILE = "Food Satisfaction/Info.plist";
				LD_RUNPATH_SEARCH_PATHS = "$(inherited) @executable_path/Frameworks";
				PRODUCT_BUNDLE_IDENTIFIER = "br.com.projetos-swift.Food-Satisfaction";
				PRODUCT_NAME = "$(TARGET_NAME)";
				SWIFT_VERSION = 3.0;
			};
			name = Debug;
		};
		31B9F46625CB72F6001F56EF /* Release */ = {
			isa = XCBuildConfiguration;
			buildSettings = {
				ASSETCATALOG_COMPILER_APPICON_NAME = AppIcon;
				INFOPLIST_FILE = "Food Satisfaction/Info.plist";
				LD_RUNPATH_SEARCH_PATHS = "$(inherited) @executable_path/Frameworks";
				PRODUCT_BUNDLE_IDENTIFIER = "br.com.projetos-swift.Food-Satisfaction";
				PRODUCT_NAME = "$(TARGET_NAME)";
				SWIFT_VERSION = 3.0;
			};
			name = Release;
		};
/* End XCBuildConfiguration section */

/* Begin XCConfigurationList section */
		31B9F44D25CB72F6001F56EF /* Build configuration list for PBXProject "Food Satisfaction" */ = {
			isa = XCConfigurationList;
			buildConfigurations = (
				31B9F46225CB72F6001F56EF /* Debug */,
				31B9F46325CB72F6001F56EF /* Release */,
			);
			defaultConfigurationIsVisible = 0;
			defaultConfigurationName = Release;
		};
		31B9F46425CB72F6001F56EF /* Build configuration list for PBXNativeTarget "Food Satisfaction" */ = {
			isa = XCConfigurationList;
			buildConfigurations = (
				31B9F46525CB72F6001F56EF /* Debug */,
				31B9F46625CB72F6001F56EF /* Release */,
			);
			defaultConfigurationIsVisible = 0;
		};
/* End XCConfigurationList section */
	};
	rootObject = 31B9F44A25CB72F6001F56EF /* Project object */;
}
